// !$*UTF8*$!
{
	archiveVersion = 1;
	classes = {
	};
	objectVersion = 56;
	objects = {

/* Begin PBXBuildFile section */
		690CE4802BD2118500A16200 /* KeyboardShortcuts in Frameworks */ = {isa = PBXBuildFile; productRef = 690CE47F2BD2118500A16200 /* KeyboardShortcuts */; };
		694153092BD22417006C983D /* AXSwiftExt in Frameworks */ = {isa = PBXBuildFile; productRef = 694153082BD22417006C983D /* AXSwiftExt */; };
		6941530B2BD229B9006C983D /* GlobalMode.swift in Sources */ = {isa = PBXBuildFile; fileRef = 6941530A2BD229B9006C983D /* GlobalMode.swift */; };
		6941530D2BD22A3F006C983D /* WhiteListMode.swift in Sources */ = {isa = PBXBuildFile; fileRef = 6941530C2BD22A3F006C983D /* WhiteListMode.swift */; };
		6941530F2BD22ADF006C983D /* ManualMode.swift in Sources */ = {isa = PBXBuildFile; fileRef = 6941530E2BD22ADF006C983D /* ManualMode.swift */; };
		694153122BD94F09006C983D /* LogUtilities.swift in Sources */ = {isa = PBXBuildFile; fileRef = 694153112BD94F09006C983D /* LogUtilities.swift */; };
		694153142BD9545B006C983D /* NSPasteboard+New.swift in Sources */ = {isa = PBXBuildFile; fileRef = 694153132BD9545B006C983D /* NSPasteboard+New.swift */; };
		694153172BDA7032006C983D /* LaunchAtLogin in Frameworks */ = {isa = PBXBuildFile; productRef = 694153162BDA7032006C983D /* LaunchAtLogin */; };
		698394772BDBD5F6004B5C11 /* AppUpdater in Frameworks */ = {isa = PBXBuildFile; productRef = 698394762BDBD5F6004B5C11 /* AppUpdater */; };
		698AD6432BC92FF3002659F5 /* StatusBarView.swift in Sources */ = {isa = PBXBuildFile; fileRef = 698AD6422BC92FF3002659F5 /* StatusBarView.swift */; };
		698AD6472BCA3FE3002659F5 /* SettingsView.swift in Sources */ = {isa = PBXBuildFile; fileRef = 698AD6462BCA3FE3002659F5 /* SettingsView.swift */; };
		698AD64C2BCA411E002659F5 /* KeyboardShortcuts.swift in Sources */ = {isa = PBXBuildFile; fileRef = 698AD64B2BCA411E002659F5 /* KeyboardShortcuts.swift */; };
		698AD6522BCA6BF2002659F5 /* Defaults in Frameworks */ = {isa = PBXBuildFile; productRef = 698AD6512BCA6BF2002659F5 /* Defaults */; };
		698AD6542BCA6C15002659F5 /* UserDefaultsKey.swift in Sources */ = {isa = PBXBuildFile; fileRef = 698AD6532BCA6C15002659F5 /* UserDefaultsKey.swift */; };
		69903C282BB131EB00661BA2 /* SecureYourClipboardApp.swift in Sources */ = {isa = PBXBuildFile; fileRef = 69903C272BB131EB00661BA2 /* SecureYourClipboardApp.swift */; };
		69903C2A2BB131EB00661BA2 /* ContentView.swift in Sources */ = {isa = PBXBuildFile; fileRef = 69903C292BB131EB00661BA2 /* ContentView.swift */; };
		69903C2C2BB131ED00661BA2 /* Assets.xcassets in Resources */ = {isa = PBXBuildFile; fileRef = 69903C2B2BB131ED00661BA2 /* Assets.xcassets */; };
		69903C2F2BB131ED00661BA2 /* Preview Assets.xcassets in Resources */ = {isa = PBXBuildFile; fileRef = 69903C2E2BB131ED00661BA2 /* Preview Assets.xcassets */; };
		69903C312BB131ED00661BA2 /* Persistence.swift in Sources */ = {isa = PBXBuildFile; fileRef = 69903C302BB131ED00661BA2 /* Persistence.swift */; };
		69903C342BB131ED00661BA2 /* SecureYourClipboard.xcdatamodeld in Sources */ = {isa = PBXBuildFile; fileRef = 69903C322BB131ED00661BA2 /* SecureYourClipboard.xcdatamodeld */; };
		69903C3F2BB131ED00661BA2 /* SecureYourClipboardTests.swift in Sources */ = {isa = PBXBuildFile; fileRef = 69903C3E2BB131ED00661BA2 /* SecureYourClipboardTests.swift */; };
		69903C492BB131ED00661BA2 /* SecureYourClipboardUITests.swift in Sources */ = {isa = PBXBuildFile; fileRef = 69903C482BB131ED00661BA2 /* SecureYourClipboardUITests.swift */; };
		69903C4B2BB131ED00661BA2 /* SecureYourClipboardUITestsLaunchTests.swift in Sources */ = {isa = PBXBuildFile; fileRef = 69903C4A2BB131ED00661BA2 /* SecureYourClipboardUITestsLaunchTests.swift */; };
		69903C582BB131FF00661BA2 /* Clipboard.swift in Sources */ = {isa = PBXBuildFile; fileRef = 69903C572BB131FF00661BA2 /* Clipboard.swift */; };
		69903C5B2BB560BB00661BA2 /* TextFilter.swift in Sources */ = {isa = PBXBuildFile; fileRef = 69903C5A2BB560BB00661BA2 /* TextFilter.swift */; };
		69903C5E2BB562BD00661BA2 /* SwitchItem.swift in Sources */ = {isa = PBXBuildFile; fileRef = 69903C5D2BB562BD00661BA2 /* SwitchItem.swift */; };
		69903C602BB56CD000661BA2 /* Security.swift in Sources */ = {isa = PBXBuildFile; fileRef = 69903C5F2BB56CD000661BA2 /* Security.swift */; };
		69903C622BB5728200661BA2 /* RegexFilterTests.swift in Sources */ = {isa = PBXBuildFile; fileRef = 69903C612BB5728200661BA2 /* RegexFilterTests.swift */; };
		69903C632BB572D300661BA2 /* TextFilter.swift in Sources */ = {isa = PBXBuildFile; fileRef = 69903C5A2BB560BB00661BA2 /* TextFilter.swift */; };
		69A2CA212BBA4E8B008994F5 /* regex.json in Resources */ = {isa = PBXBuildFile; fileRef = 69A2CA202BBA4E8B008994F5 /* regex.json */; };
		69A2CA242BBA5578008994F5 /* SensitiveDataRegexModel.swift in Sources */ = {isa = PBXBuildFile; fileRef = 69A2CA232BBA5578008994F5 /* SensitiveDataRegexModel.swift */; };
		69A2CA292BBA57B0008994F5 /* SwitchItemProvider.swift in Sources */ = {isa = PBXBuildFile; fileRef = 69A2CA282BBA57B0008994F5 /* SwitchItemProvider.swift */; };
		69A2CA2B2BBA5B1F008994F5 /* SwitchListVM.swift in Sources */ = {isa = PBXBuildFile; fileRef = 69A2CA2A2BBA5B1F008994F5 /* SwitchListVM.swift */; };
		69A2CA2D2BBA5CD5008994F5 /* SwitchListView.swift in Sources */ = {isa = PBXBuildFile; fileRef = 69A2CA2C2BBA5CD5008994F5 /* SwitchListView.swift */; };
		69A2CA2F2BBA64C5008994F5 /* RegexResourcesTests.swift in Sources */ = {isa = PBXBuildFile; fileRef = 69A2CA2E2BBA64C5008994F5 /* RegexResourcesTests.swift */; };
		69A2CA302BBA64F3008994F5 /* SwitchItemProvider.swift in Sources */ = {isa = PBXBuildFile; fileRef = 69A2CA282BBA57B0008994F5 /* SwitchItemProvider.swift */; };
		69A2CA312BBA64F9008994F5 /* regex.json in Resources */ = {isa = PBXBuildFile; fileRef = 69A2CA202BBA4E8B008994F5 /* regex.json */; };
		69A2CA322BBA6522008994F5 /* SensitiveDataRegexModel.swift in Sources */ = {isa = PBXBuildFile; fileRef = 69A2CA232BBA5578008994F5 /* SensitiveDataRegexModel.swift */; };
		69A2CA342BBA85EE008994F5 /* AppleScriptUtilities.swift in Sources */ = {isa = PBXBuildFile; fileRef = 69A2CA332BBA85EE008994F5 /* AppleScriptUtilities.swift */; };
		69A2CA372BBAA08F008994F5 /* getselection.applescript in Sources */ = {isa = PBXBuildFile; fileRef = 69A2CA362BBAA08F008994F5 /* getselection.applescript */; };
		69A2CA412BBBE817008994F5 /* MouseEventCatcher.swift in Sources */ = {isa = PBXBuildFile; fileRef = 69A2CA402BBBE817008994F5 /* MouseEventCatcher.swift */; };
		69A2CA432BBC0424008994F5 /* SystemUtilities.swift in Sources */ = {isa = PBXBuildFile; fileRef = 69A2CA422BBC0424008994F5 /* SystemUtilities.swift */; };
		69A2CA462BBC4B94008994F5 /* PopupWindowController.swift in Sources */ = {isa = PBXBuildFile; fileRef = 69A2CA452BBC4B94008994F5 /* PopupWindowController.swift */; };
		69A2CA482BBD33F2008994F5 /* Selection.swift in Sources */ = {isa = PBXBuildFile; fileRef = 69A2CA472BBD33F2008994F5 /* Selection.swift */; };
/* End PBXBuildFile section */

/* Begin PBXContainerItemProxy section */
		69903C3B2BB131ED00661BA2 /* PBXContainerItemProxy */ = {
			isa = PBXContainerItemProxy;
			containerPortal = 69903C1C2BB131EA00661BA2 /* Project object */;
			proxyType = 1;
			remoteGlobalIDString = 69903C232BB131EB00661BA2;
			remoteInfo = SecureYourClipboard;
		};
		69903C452BB131ED00661BA2 /* PBXContainerItemProxy */ = {
			isa = PBXContainerItemProxy;
			containerPortal = 69903C1C2BB131EA00661BA2 /* Project object */;
			proxyType = 1;
			remoteGlobalIDString = 69903C232BB131EB00661BA2;
			remoteInfo = SecureYourClipboard;
		};
/* End PBXContainerItemProxy section */

/* Begin PBXFileReference section */
		690CE47A2BD136EB00A16200 /* KeyboardShortcuts */ = {isa = PBXFileReference; lastKnownFileType = wrapper; name = KeyboardShortcuts; path = ../KeyboardShortcuts; sourceTree = "<group>"; };
		6941530A2BD229B9006C983D /* GlobalMode.swift */ = {isa = PBXFileReference; lastKnownFileType = sourcecode.swift; path = GlobalMode.swift; sourceTree = "<group>"; };
		6941530C2BD22A3F006C983D /* WhiteListMode.swift */ = {isa = PBXFileReference; lastKnownFileType = sourcecode.swift; path = WhiteListMode.swift; sourceTree = "<group>"; };
		6941530E2BD22ADF006C983D /* ManualMode.swift */ = {isa = PBXFileReference; lastKnownFileType = sourcecode.swift; path = ManualMode.swift; sourceTree = "<group>"; };
		694153102BD28729006C983D /* AXSwiftExt */ = {isa = PBXFileReference; lastKnownFileType = wrapper; name = AXSwiftExt; path = ../AXSwiftExt; sourceTree = "<group>"; };
		694153112BD94F09006C983D /* LogUtilities.swift */ = {isa = PBXFileReference; lastKnownFileType = sourcecode.swift; path = LogUtilities.swift; sourceTree = "<group>"; };
		694153132BD9545B006C983D /* NSPasteboard+New.swift */ = {isa = PBXFileReference; lastKnownFileType = sourcecode.swift; path = "NSPasteboard+New.swift"; sourceTree = "<group>"; };
		698AD6422BC92FF3002659F5 /* StatusBarView.swift */ = {isa = PBXFileReference; lastKnownFileType = sourcecode.swift; path = StatusBarView.swift; sourceTree = "<group>"; };
		698AD6442BCA2C48002659F5 /* SecureClipX-Bridging-Header.h */ = {isa = PBXFileReference; lastKnownFileType = sourcecode.c.h; path = "SecureClipX-Bridging-Header.h"; sourceTree = "<group>"; };
		698AD6462BCA3FE3002659F5 /* SettingsView.swift */ = {isa = PBXFileReference; lastKnownFileType = sourcecode.swift; path = SettingsView.swift; sourceTree = "<group>"; };
		698AD64B2BCA411E002659F5 /* KeyboardShortcuts.swift */ = {isa = PBXFileReference; lastKnownFileType = sourcecode.swift; path = KeyboardShortcuts.swift; sourceTree = "<group>"; };
		698AD6532BCA6C15002659F5 /* UserDefaultsKey.swift */ = {isa = PBXFileReference; lastKnownFileType = sourcecode.swift; path = UserDefaultsKey.swift; sourceTree = "<group>"; };
		69903C242BB131EB00661BA2 /* SecureYourClipboard.app */ = {isa = PBXFileReference; explicitFileType = wrapper.application; includeInIndex = 0; path = SecureYourClipboard.app; sourceTree = BUILT_PRODUCTS_DIR; };
		69903C272BB131EB00661BA2 /* SecureYourClipboardApp.swift */ = {isa = PBXFileReference; lastKnownFileType = sourcecode.swift; path = SecureYourClipboardApp.swift; sourceTree = "<group>"; };
		69903C292BB131EB00661BA2 /* ContentView.swift */ = {isa = PBXFileReference; lastKnownFileType = sourcecode.swift; path = ContentView.swift; sourceTree = "<group>"; };
		69903C2B2BB131ED00661BA2 /* Assets.xcassets */ = {isa = PBXFileReference; lastKnownFileType = folder.assetcatalog; path = Assets.xcassets; sourceTree = "<group>"; };
		69903C2E2BB131ED00661BA2 /* Preview Assets.xcassets */ = {isa = PBXFileReference; lastKnownFileType = folder.assetcatalog; path = "Preview Assets.xcassets"; sourceTree = "<group>"; };
		69903C302BB131ED00661BA2 /* Persistence.swift */ = {isa = PBXFileReference; lastKnownFileType = sourcecode.swift; path = Persistence.swift; sourceTree = "<group>"; };
		69903C332BB131ED00661BA2 /* SecureYourClipboard.xcdatamodel */ = {isa = PBXFileReference; lastKnownFileType = wrapper.xcdatamodel; path = SecureYourClipboard.xcdatamodel; sourceTree = "<group>"; };
		69903C352BB131ED00661BA2 /* SecureYourClipboard.entitlements */ = {isa = PBXFileReference; lastKnownFileType = text.plist.entitlements; path = SecureYourClipboard.entitlements; sourceTree = "<group>"; };
		69903C3A2BB131ED00661BA2 /* SecureYourClipboardTests.xctest */ = {isa = PBXFileReference; explicitFileType = wrapper.cfbundle; includeInIndex = 0; path = SecureYourClipboardTests.xctest; sourceTree = BUILT_PRODUCTS_DIR; };
		69903C3E2BB131ED00661BA2 /* SecureYourClipboardTests.swift */ = {isa = PBXFileReference; lastKnownFileType = sourcecode.swift; path = SecureYourClipboardTests.swift; sourceTree = "<group>"; };
		69903C442BB131ED00661BA2 /* SecureYourClipboardUITests.xctest */ = {isa = PBXFileReference; explicitFileType = wrapper.cfbundle; includeInIndex = 0; path = SecureYourClipboardUITests.xctest; sourceTree = BUILT_PRODUCTS_DIR; };
		69903C482BB131ED00661BA2 /* SecureYourClipboardUITests.swift */ = {isa = PBXFileReference; lastKnownFileType = sourcecode.swift; path = SecureYourClipboardUITests.swift; sourceTree = "<group>"; };
		69903C4A2BB131ED00661BA2 /* SecureYourClipboardUITestsLaunchTests.swift */ = {isa = PBXFileReference; lastKnownFileType = sourcecode.swift; path = SecureYourClipboardUITestsLaunchTests.swift; sourceTree = "<group>"; };
		69903C572BB131FF00661BA2 /* Clipboard.swift */ = {isa = PBXFileReference; lastKnownFileType = sourcecode.swift; path = Clipboard.swift; sourceTree = "<group>"; };
		69903C5A2BB560BB00661BA2 /* TextFilter.swift */ = {isa = PBXFileReference; lastKnownFileType = sourcecode.swift; path = TextFilter.swift; sourceTree = "<group>"; };
		69903C5D2BB562BD00661BA2 /* SwitchItem.swift */ = {isa = PBXFileReference; lastKnownFileType = sourcecode.swift; path = SwitchItem.swift; sourceTree = "<group>"; };
		69903C5F2BB56CD000661BA2 /* Security.swift */ = {isa = PBXFileReference; lastKnownFileType = sourcecode.swift; path = Security.swift; sourceTree = "<group>"; };
		69903C612BB5728200661BA2 /* RegexFilterTests.swift */ = {isa = PBXFileReference; lastKnownFileType = sourcecode.swift; path = RegexFilterTests.swift; sourceTree = "<group>"; };
		69A2CA202BBA4E8B008994F5 /* regex.json */ = {isa = PBXFileReference; lastKnownFileType = text.json; path = regex.json; sourceTree = "<group>"; };
		69A2CA232BBA5578008994F5 /* SensitiveDataRegexModel.swift */ = {isa = PBXFileReference; lastKnownFileType = sourcecode.swift; path = SensitiveDataRegexModel.swift; sourceTree = "<group>"; };
		69A2CA282BBA57B0008994F5 /* SwitchItemProvider.swift */ = {isa = PBXFileReference; lastKnownFileType = sourcecode.swift; path = SwitchItemProvider.swift; sourceTree = "<group>"; };
		69A2CA2A2BBA5B1F008994F5 /* SwitchListVM.swift */ = {isa = PBXFileReference; lastKnownFileType = sourcecode.swift; path = SwitchListVM.swift; sourceTree = "<group>"; };
		69A2CA2C2BBA5CD5008994F5 /* SwitchListView.swift */ = {isa = PBXFileReference; lastKnownFileType = sourcecode.swift; path = SwitchListView.swift; sourceTree = "<group>"; };
		69A2CA2E2BBA64C5008994F5 /* RegexResourcesTests.swift */ = {isa = PBXFileReference; lastKnownFileType = sourcecode.swift; path = RegexResourcesTests.swift; sourceTree = "<group>"; };
		69A2CA332BBA85EE008994F5 /* AppleScriptUtilities.swift */ = {isa = PBXFileReference; lastKnownFileType = sourcecode.swift; path = AppleScriptUtilities.swift; sourceTree = "<group>"; };
		69A2CA352BBA88F7008994F5 /* Info.plist */ = {isa = PBXFileReference; lastKnownFileType = text.plist; path = Info.plist; sourceTree = "<group>"; };
		69A2CA362BBAA08F008994F5 /* getselection.applescript */ = {isa = PBXFileReference; lastKnownFileType = sourcecode.applescript; path = getselection.applescript; sourceTree = "<group>"; };
		69A2CA402BBBE817008994F5 /* MouseEventCatcher.swift */ = {isa = PBXFileReference; lastKnownFileType = sourcecode.swift; path = MouseEventCatcher.swift; sourceTree = "<group>"; };
		69A2CA422BBC0424008994F5 /* SystemUtilities.swift */ = {isa = PBXFileReference; lastKnownFileType = sourcecode.swift; path = SystemUtilities.swift; sourceTree = "<group>"; };
		69A2CA452BBC4B94008994F5 /* PopupWindowController.swift */ = {isa = PBXFileReference; lastKnownFileType = sourcecode.swift; path = PopupWindowController.swift; sourceTree = "<group>"; };
		69A2CA472BBD33F2008994F5 /* Selection.swift */ = {isa = PBXFileReference; lastKnownFileType = sourcecode.swift; path = Selection.swift; sourceTree = "<group>"; };
/* End PBXFileReference section */

/* Begin PBXFrameworksBuildPhase section */
		69903C212BB131EB00661BA2 /* Frameworks */ = {
			isa = PBXFrameworksBuildPhase;
			buildActionMask = 2147483647;
			files = (
				694153092BD22417006C983D /* AXSwiftExt in Frameworks */,
				698AD6522BCA6BF2002659F5 /* Defaults in Frameworks */,
				694153172BDA7032006C983D /* LaunchAtLogin in Frameworks */,
				698394772BDBD5F6004B5C11 /* AppUpdater in Frameworks */,
				690CE4802BD2118500A16200 /* KeyboardShortcuts in Frameworks */,
			);
			runOnlyForDeploymentPostprocessing = 0;
		};
		69903C372BB131ED00661BA2 /* Frameworks */ = {
			isa = PBXFrameworksBuildPhase;
			buildActionMask = 2147483647;
			files = (
			);
			runOnlyForDeploymentPostprocessing = 0;
		};
		69903C412BB131ED00661BA2 /* Frameworks */ = {
			isa = PBXFrameworksBuildPhase;
			buildActionMask = 2147483647;
			files = (
			);
			runOnlyForDeploymentPostprocessing = 0;
		};
/* End PBXFrameworksBuildPhase section */

/* Begin PBXGroup section */
		690CE4782BD136BA00A16200 /* Frameworks */ = {
			isa = PBXGroup;
			children = (
			);
			name = Frameworks;
			sourceTree = "<group>";
		};
		698AD6412BC92FE4002659F5 /* StatusBar */ = {
			isa = PBXGroup;
			children = (
				698AD6422BC92FF3002659F5 /* StatusBarView.swift */,
			);
			path = StatusBar;
			sourceTree = "<group>";
		};
		698AD6452BCA3FD8002659F5 /* Settings */ = {
			isa = PBXGroup;
			children = (
				698AD6462BCA3FE3002659F5 /* SettingsView.swift */,
			);
			path = Settings;
			sourceTree = "<group>";
		};
		69903C1B2BB131EA00661BA2 = {
			isa = PBXGroup;
			children = (
				694153102BD28729006C983D /* AXSwiftExt */,
				690CE47A2BD136EB00A16200 /* KeyboardShortcuts */,
				69903C262BB131EB00661BA2 /* SecureYourClipboard */,
				69903C3D2BB131ED00661BA2 /* SecureYourClipboardTests */,
				69903C472BB131ED00661BA2 /* SecureYourClipboardUITests */,
				69903C252BB131EB00661BA2 /* Products */,
				690CE4782BD136BA00A16200 /* Frameworks */,
			);
			sourceTree = "<group>";
		};
		69903C252BB131EB00661BA2 /* Products */ = {
			isa = PBXGroup;
			children = (
				69903C242BB131EB00661BA2 /* SecureYourClipboard.app */,
				69903C3A2BB131ED00661BA2 /* SecureYourClipboardTests.xctest */,
				69903C442BB131ED00661BA2 /* SecureYourClipboardUITests.xctest */,
			);
			name = Products;
			sourceTree = "<group>";
		};
		69903C262BB131EB00661BA2 /* SecureYourClipboard */ = {
			isa = PBXGroup;
			children = (
				69A2CA352BBA88F7008994F5 /* Info.plist */,
				69A2CA262BBA5738008994F5 /* ViewModel */,
				69A2CA252BBA5733008994F5 /* View */,
				69A2CA1E2BBA4C40008994F5 /* Define */,
				69A2CA1D2BBA4C38008994F5 /* Resources */,
				69903C592BB560AD00661BA2 /* Utilities */,
				69903C272BB131EB00661BA2 /* SecureYourClipboardApp.swift */,
				6941530E2BD22ADF006C983D /* ManualMode.swift */,
				69903C292BB131EB00661BA2 /* ContentView.swift */,
				69903C2B2BB131ED00661BA2 /* Assets.xcassets */,
				69903C302BB131ED00661BA2 /* Persistence.swift */,
				69903C352BB131ED00661BA2 /* SecureYourClipboard.entitlements */,
				69903C322BB131ED00661BA2 /* SecureYourClipboard.xcdatamodeld */,
				69903C2D2BB131ED00661BA2 /* Preview Content */,
				69903C572BB131FF00661BA2 /* Clipboard.swift */,
				698AD6442BCA2C48002659F5 /* SecureClipX-Bridging-Header.h */,
				698AD64B2BCA411E002659F5 /* KeyboardShortcuts.swift */,
				6941530A2BD229B9006C983D /* GlobalMode.swift */,
				6941530C2BD22A3F006C983D /* WhiteListMode.swift */,
			);
			path = SecureYourClipboard;
			sourceTree = "<group>";
		};
		69903C2D2BB131ED00661BA2 /* Preview Content */ = {
			isa = PBXGroup;
			children = (
				69903C2E2BB131ED00661BA2 /* Preview Assets.xcassets */,
			);
			path = "Preview Content";
			sourceTree = "<group>";
		};
		69903C3D2BB131ED00661BA2 /* SecureYourClipboardTests */ = {
			isa = PBXGroup;
			children = (
				69903C3E2BB131ED00661BA2 /* SecureYourClipboardTests.swift */,
				69903C612BB5728200661BA2 /* RegexFilterTests.swift */,
				69A2CA2E2BBA64C5008994F5 /* RegexResourcesTests.swift */,
			);
			path = SecureYourClipboardTests;
			sourceTree = "<group>";
		};
		69903C472BB131ED00661BA2 /* SecureYourClipboardUITests */ = {
			isa = PBXGroup;
			children = (
				69903C482BB131ED00661BA2 /* SecureYourClipboardUITests.swift */,
				69903C4A2BB131ED00661BA2 /* SecureYourClipboardUITestsLaunchTests.swift */,
			);
			path = SecureYourClipboardUITests;
			sourceTree = "<group>";
		};
		69903C592BB560AD00661BA2 /* Utilities */ = {
			isa = PBXGroup;
			children = (
				69903C5A2BB560BB00661BA2 /* TextFilter.swift */,
				69903C5F2BB56CD000661BA2 /* Security.swift */,
				69A2CA332BBA85EE008994F5 /* AppleScriptUtilities.swift */,
				69A2CA402BBBE817008994F5 /* MouseEventCatcher.swift */,
				69A2CA422BBC0424008994F5 /* SystemUtilities.swift */,
				694153112BD94F09006C983D /* LogUtilities.swift */,
				694153132BD9545B006C983D /* NSPasteboard+New.swift */,
			);
			path = Utilities;
			sourceTree = "<group>";
		};
		69A2CA1D2BBA4C38008994F5 /* Resources */ = {
			isa = PBXGroup;
			children = (
				69A2CA202BBA4E8B008994F5 /* regex.json */,
				69A2CA362BBAA08F008994F5 /* getselection.applescript */,
			);
			path = Resources;
			sourceTree = "<group>";
		};
		69A2CA1E2BBA4C40008994F5 /* Define */ = {
			isa = PBXGroup;
			children = (
				698AD6532BCA6C15002659F5 /* UserDefaultsKey.swift */,
			);
			path = Define;
			sourceTree = "<group>";
		};
		69A2CA252BBA5733008994F5 /* View */ = {
			isa = PBXGroup;
			children = (
				698AD6452BCA3FD8002659F5 /* Settings */,
				698AD6412BC92FE4002659F5 /* StatusBar */,
				69A2CA442BBC4B71008994F5 /* Popup */,
				69A2CA272BBA5751008994F5 /* SwitchList */,
				69A2CA472BBD33F2008994F5 /* Selection.swift */,
			);
			path = View;
			sourceTree = "<group>";
		};
		69A2CA262BBA5738008994F5 /* ViewModel */ = {
			isa = PBXGroup;
			children = (
			);
			path = ViewModel;
			sourceTree = "<group>";
		};
		69A2CA272BBA5751008994F5 /* SwitchList */ = {
			isa = PBXGroup;
			children = (
				69903C5D2BB562BD00661BA2 /* SwitchItem.swift */,
				69A2CA232BBA5578008994F5 /* SensitiveDataRegexModel.swift */,
				69A2CA282BBA57B0008994F5 /* SwitchItemProvider.swift */,
				69A2CA2A2BBA5B1F008994F5 /* SwitchListVM.swift */,
				69A2CA2C2BBA5CD5008994F5 /* SwitchListView.swift */,
			);
			path = SwitchList;
			sourceTree = "<group>";
		};
		69A2CA442BBC4B71008994F5 /* Popup */ = {
			isa = PBXGroup;
			children = (
				69A2CA452BBC4B94008994F5 /* PopupWindowController.swift */,
			);
			path = Popup;
			sourceTree = "<group>";
		};
/* End PBXGroup section */

/* Begin PBXNativeTarget section */
		69903C232BB131EB00661BA2 /* SecureYourClipboard */ = {
			isa = PBXNativeTarget;
			buildConfigurationList = 69903C4E2BB131ED00661BA2 /* Build configuration list for PBXNativeTarget "SecureYourClipboard" */;
			buildPhases = (
				69903C202BB131EB00661BA2 /* Sources */,
				69903C212BB131EB00661BA2 /* Frameworks */,
				69903C222BB131EB00661BA2 /* Resources */,
				6983944B2BDB379E004B5C11 /* ShellScript */,
			);
			buildRules = (
			);
			dependencies = (
			);
			name = SecureYourClipboard;
			packageProductDependencies = (
				698AD6512BCA6BF2002659F5 /* Defaults */,
				690CE47F2BD2118500A16200 /* KeyboardShortcuts */,
				694153082BD22417006C983D /* AXSwiftExt */,
				694153162BDA7032006C983D /* LaunchAtLogin */,
				698394762BDBD5F6004B5C11 /* AppUpdater */,
			);
			productName = SecureYourClipboard;
			productReference = 69903C242BB131EB00661BA2 /* SecureYourClipboard.app */;
			productType = "com.apple.product-type.application";
		};
		69903C392BB131ED00661BA2 /* SecureYourClipboardTests */ = {
			isa = PBXNativeTarget;
			buildConfigurationList = 69903C512BB131ED00661BA2 /* Build configuration list for PBXNativeTarget "SecureYourClipboardTests" */;
			buildPhases = (
				69903C362BB131ED00661BA2 /* Sources */,
				69903C372BB131ED00661BA2 /* Frameworks */,
				69903C382BB131ED00661BA2 /* Resources */,
			);
			buildRules = (
			);
			dependencies = (
				69903C3C2BB131ED00661BA2 /* PBXTargetDependency */,
			);
			name = SecureYourClipboardTests;
			productName = SecureYourClipboardTests;
			productReference = 69903C3A2BB131ED00661BA2 /* SecureYourClipboardTests.xctest */;
			productType = "com.apple.product-type.bundle.unit-test";
		};
		69903C432BB131ED00661BA2 /* SecureYourClipboardUITests */ = {
			isa = PBXNativeTarget;
			buildConfigurationList = 69903C542BB131ED00661BA2 /* Build configuration list for PBXNativeTarget "SecureYourClipboardUITests" */;
			buildPhases = (
				69903C402BB131ED00661BA2 /* Sources */,
				69903C412BB131ED00661BA2 /* Frameworks */,
				69903C422BB131ED00661BA2 /* Resources */,
			);
			buildRules = (
			);
			dependencies = (
				69903C462BB131ED00661BA2 /* PBXTargetDependency */,
			);
			name = SecureYourClipboardUITests;
			productName = SecureYourClipboardUITests;
			productReference = 69903C442BB131ED00661BA2 /* SecureYourClipboardUITests.xctest */;
			productType = "com.apple.product-type.bundle.ui-testing";
		};
/* End PBXNativeTarget section */

/* Begin PBXProject section */
		69903C1C2BB131EA00661BA2 /* Project object */ = {
			isa = PBXProject;
			attributes = {
				BuildIndependentTargetsInParallel = 1;
				LastSwiftUpdateCheck = 1520;
				LastUpgradeCheck = 1520;
				TargetAttributes = {
					69903C232BB131EB00661BA2 = {
						CreatedOnToolsVersion = 15.2;
					};
					69903C392BB131ED00661BA2 = {
						CreatedOnToolsVersion = 15.2;
						TestTargetID = 69903C232BB131EB00661BA2;
					};
					69903C432BB131ED00661BA2 = {
						CreatedOnToolsVersion = 15.2;
						TestTargetID = 69903C232BB131EB00661BA2;
					};
				};
			};
			buildConfigurationList = 69903C1F2BB131EA00661BA2 /* Build configuration list for PBXProject "SecureYourClipboard" */;
			compatibilityVersion = "Xcode 14.0";
			developmentRegion = en;
			hasScannedForEncodings = 0;
			knownRegions = (
				en,
				Base,
			);
			mainGroup = 69903C1B2BB131EA00661BA2;
			packageReferences = (
				698AD6502BCA6BF2002659F5 /* XCRemoteSwiftPackageReference "Defaults" */,
				690CE47E2BD2118500A16200 /* XCRemoteSwiftPackageReference "KeyboardShortcuts" */,
				694153072BD22417006C983D /* XCRemoteSwiftPackageReference "AXSwiftExt" */,
				694153152BDA7031006C983D /* XCRemoteSwiftPackageReference "LaunchAtLogin" */,
				698394752BDBD5F6004B5C11 /* XCRemoteSwiftPackageReference "AppUpdater" */,
			);
			productRefGroup = 69903C252BB131EB00661BA2 /* Products */;
			projectDirPath = "";
			projectRoot = "";
			targets = (
				69903C232BB131EB00661BA2 /* SecureYourClipboard */,
				69903C392BB131ED00661BA2 /* SecureYourClipboardTests */,
				69903C432BB131ED00661BA2 /* SecureYourClipboardUITests */,
			);
		};
/* End PBXProject section */

/* Begin PBXResourcesBuildPhase section */
		69903C222BB131EB00661BA2 /* Resources */ = {
			isa = PBXResourcesBuildPhase;
			buildActionMask = 2147483647;
			files = (
				69903C2F2BB131ED00661BA2 /* Preview Assets.xcassets in Resources */,
				69A2CA212BBA4E8B008994F5 /* regex.json in Resources */,
				69903C2C2BB131ED00661BA2 /* Assets.xcassets in Resources */,
			);
			runOnlyForDeploymentPostprocessing = 0;
		};
		69903C382BB131ED00661BA2 /* Resources */ = {
			isa = PBXResourcesBuildPhase;
			buildActionMask = 2147483647;
			files = (
				69A2CA312BBA64F9008994F5 /* regex.json in Resources */,
			);
			runOnlyForDeploymentPostprocessing = 0;
		};
		69903C422BB131ED00661BA2 /* Resources */ = {
			isa = PBXResourcesBuildPhase;
			buildActionMask = 2147483647;
			files = (
			);
			runOnlyForDeploymentPostprocessing = 0;
		};
/* End PBXResourcesBuildPhase section */

/* Begin PBXShellScriptBuildPhase section */
		6983944B2BDB379E004B5C11 /* ShellScript */ = {
			isa = PBXShellScriptBuildPhase;
			alwaysOutOfDate = 1;
			buildActionMask = 2147483647;
			files = (
			);
			inputFileListPaths = (
			);
			inputPaths = (
			);
			outputFileListPaths = (
			);
			outputPaths = (
			);
			runOnlyForDeploymentPostprocessing = 0;
			shellPath = /bin/sh;
			shellScript = "\"${BUILT_PRODUCTS_DIR}/LaunchAtLogin_LaunchAtLogin.bundle/Contents/Resources/copy-helper-swiftpm.sh\"\n";
		};
/* End PBXShellScriptBuildPhase section */

/* Begin PBXSourcesBuildPhase section */
		69903C202BB131EB00661BA2 /* Sources */ = {
			isa = PBXSourcesBuildPhase;
			buildActionMask = 2147483647;
			files = (
				69A2CA412BBBE817008994F5 /* MouseEventCatcher.swift in Sources */,
				6941530F2BD22ADF006C983D /* ManualMode.swift in Sources */,
				698AD64C2BCA411E002659F5 /* KeyboardShortcuts.swift in Sources */,
				69A2CA432BBC0424008994F5 /* SystemUtilities.swift in Sources */,
				69A2CA2D2BBA5CD5008994F5 /* SwitchListView.swift in Sources */,
				69903C342BB131ED00661BA2 /* SecureYourClipboard.xcdatamodeld in Sources */,
				69A2CA342BBA85EE008994F5 /* AppleScriptUtilities.swift in Sources */,
				694153122BD94F09006C983D /* LogUtilities.swift in Sources */,
				698AD6472BCA3FE3002659F5 /* SettingsView.swift in Sources */,
				69903C602BB56CD000661BA2 /* Security.swift in Sources */,
				6941530D2BD22A3F006C983D /* WhiteListMode.swift in Sources */,
				69A2CA482BBD33F2008994F5 /* Selection.swift in Sources */,
				69903C5B2BB560BB00661BA2 /* TextFilter.swift in Sources */,
				698AD6542BCA6C15002659F5 /* UserDefaultsKey.swift in Sources */,
				69903C312BB131ED00661BA2 /* Persistence.swift in Sources */,
				69903C5E2BB562BD00661BA2 /* SwitchItem.swift in Sources */,
				69A2CA462BBC4B94008994F5 /* PopupWindowController.swift in Sources */,
				69A2CA292BBA57B0008994F5 /* SwitchItemProvider.swift in Sources */,
				69903C582BB131FF00661BA2 /* Clipboard.swift in Sources */,
				69A2CA242BBA5578008994F5 /* SensitiveDataRegexModel.swift in Sources */,
				69A2CA2B2BBA5B1F008994F5 /* SwitchListVM.swift in Sources */,
				698AD6432BC92FF3002659F5 /* StatusBarView.swift in Sources */,
				69A2CA372BBAA08F008994F5 /* getselection.applescript in Sources */,
				694153142BD9545B006C983D /* NSPasteboard+New.swift in Sources */,
				69903C2A2BB131EB00661BA2 /* ContentView.swift in Sources */,
				69903C282BB131EB00661BA2 /* SecureYourClipboardApp.swift in Sources */,
				6941530B2BD229B9006C983D /* GlobalMode.swift in Sources */,
			);
			runOnlyForDeploymentPostprocessing = 0;
		};
		69903C362BB131ED00661BA2 /* Sources */ = {
			isa = PBXSourcesBuildPhase;
			buildActionMask = 2147483647;
			files = (
				69A2CA322BBA6522008994F5 /* SensitiveDataRegexModel.swift in Sources */,
				69A2CA302BBA64F3008994F5 /* SwitchItemProvider.swift in Sources */,
				69903C3F2BB131ED00661BA2 /* SecureYourClipboardTests.swift in Sources */,
				69A2CA2F2BBA64C5008994F5 /* RegexResourcesTests.swift in Sources */,
				69903C632BB572D300661BA2 /* TextFilter.swift in Sources */,
				69903C622BB5728200661BA2 /* RegexFilterTests.swift in Sources */,
			);
			runOnlyForDeploymentPostprocessing = 0;
		};
		69903C402BB131ED00661BA2 /* Sources */ = {
			isa = PBXSourcesBuildPhase;
			buildActionMask = 2147483647;
			files = (
				69903C492BB131ED00661BA2 /* SecureYourClipboardUITests.swift in Sources */,
				69903C4B2BB131ED00661BA2 /* SecureYourClipboardUITestsLaunchTests.swift in Sources */,
			);
			runOnlyForDeploymentPostprocessing = 0;
		};
/* End PBXSourcesBuildPhase section */

/* Begin PBXTargetDependency section */
		69903C3C2BB131ED00661BA2 /* PBXTargetDependency */ = {
			isa = PBXTargetDependency;
			target = 69903C232BB131EB00661BA2 /* SecureYourClipboard */;
			targetProxy = 69903C3B2BB131ED00661BA2 /* PBXContainerItemProxy */;
		};
		69903C462BB131ED00661BA2 /* PBXTargetDependency */ = {
			isa = PBXTargetDependency;
			target = 69903C232BB131EB00661BA2 /* SecureYourClipboard */;
			targetProxy = 69903C452BB131ED00661BA2 /* PBXContainerItemProxy */;
		};
/* End PBXTargetDependency section */

/* Begin XCBuildConfiguration section */
		69903C4C2BB131ED00661BA2 /* Debug */ = {
			isa = XCBuildConfiguration;
			buildSettings = {
				ALWAYS_SEARCH_USER_PATHS = NO;
				ASSETCATALOG_COMPILER_GENERATE_SWIFT_ASSET_SYMBOL_EXTENSIONS = YES;
				CLANG_ANALYZER_NONNULL = YES;
				CLANG_ANALYZER_NUMBER_OBJECT_CONVERSION = YES_AGGRESSIVE;
				CLANG_CXX_LANGUAGE_STANDARD = "gnu++20";
				CLANG_ENABLE_MODULES = YES;
				CLANG_ENABLE_OBJC_ARC = YES;
				CLANG_ENABLE_OBJC_WEAK = YES;
				CLANG_WARN_BLOCK_CAPTURE_AUTORELEASING = YES;
				CLANG_WARN_BOOL_CONVERSION = YES;
				CLANG_WARN_COMMA = YES;
				CLANG_WARN_CONSTANT_CONVERSION = YES;
				CLANG_WARN_DEPRECATED_OBJC_IMPLEMENTATIONS = YES;
				CLANG_WARN_DIRECT_OBJC_ISA_USAGE = YES_ERROR;
				CLANG_WARN_DOCUMENTATION_COMMENTS = YES;
				CLANG_WARN_EMPTY_BODY = YES;
				CLANG_WARN_ENUM_CONVERSION = YES;
				CLANG_WARN_INFINITE_RECURSION = YES;
				CLANG_WARN_INT_CONVERSION = YES;
				CLANG_WARN_NON_LITERAL_NULL_CONVERSION = YES;
				CLANG_WARN_OBJC_IMPLICIT_RETAIN_SELF = YES;
				CLANG_WARN_OBJC_LITERAL_CONVERSION = YES;
				CLANG_WARN_OBJC_ROOT_CLASS = YES_ERROR;
				CLANG_WARN_QUOTED_INCLUDE_IN_FRAMEWORK_HEADER = YES;
				CLANG_WARN_RANGE_LOOP_ANALYSIS = YES;
				CLANG_WARN_STRICT_PROTOTYPES = YES;
				CLANG_WARN_SUSPICIOUS_MOVE = YES;
				CLANG_WARN_UNGUARDED_AVAILABILITY = YES_AGGRESSIVE;
				CLANG_WARN_UNREACHABLE_CODE = YES;
				CLANG_WARN__DUPLICATE_METHOD_MATCH = YES;
				COPY_PHASE_STRIP = NO;
				DEBUG_INFORMATION_FORMAT = dwarf;
				ENABLE_STRICT_OBJC_MSGSEND = YES;
				ENABLE_TESTABILITY = YES;
				ENABLE_USER_SCRIPT_SANDBOXING = YES;
				GCC_C_LANGUAGE_STANDARD = gnu17;
				GCC_DYNAMIC_NO_PIC = NO;
				GCC_NO_COMMON_BLOCKS = YES;
				GCC_OPTIMIZATION_LEVEL = 0;
				GCC_PREPROCESSOR_DEFINITIONS = (
					"DEBUG=1",
					"$(inherited)",
				);
				GCC_WARN_64_TO_32_BIT_CONVERSION = YES;
				GCC_WARN_ABOUT_RETURN_TYPE = YES_ERROR;
				GCC_WARN_UNDECLARED_SELECTOR = YES;
				GCC_WARN_UNINITIALIZED_AUTOS = YES_AGGRESSIVE;
				GCC_WARN_UNUSED_FUNCTION = YES;
				GCC_WARN_UNUSED_VARIABLE = YES;
				INFOPLIST_KEY_NSAppleEventsUsageDescription = "We need access to the clipboard to perform certain actions.";
				LOCALIZATION_PREFERS_STRING_CATALOGS = YES;
				MACOSX_DEPLOYMENT_TARGET = 13.0;
				MTL_ENABLE_DEBUG_INFO = INCLUDE_SOURCE;
				MTL_FAST_MATH = YES;
				ONLY_ACTIVE_ARCH = YES;
				SDKROOT = macosx;
				SWIFT_ACTIVE_COMPILATION_CONDITIONS = "DEBUG $(inherited)";
				SWIFT_OPTIMIZATION_LEVEL = "-Onone";
			};
			name = Debug;
		};
		69903C4D2BB131ED00661BA2 /* Release */ = {
			isa = XCBuildConfiguration;
			buildSettings = {
				ALWAYS_SEARCH_USER_PATHS = NO;
				ASSETCATALOG_COMPILER_GENERATE_SWIFT_ASSET_SYMBOL_EXTENSIONS = YES;
				CLANG_ANALYZER_NONNULL = YES;
				CLANG_ANALYZER_NUMBER_OBJECT_CONVERSION = YES_AGGRESSIVE;
				CLANG_CXX_LANGUAGE_STANDARD = "gnu++20";
				CLANG_ENABLE_MODULES = YES;
				CLANG_ENABLE_OBJC_ARC = YES;
				CLANG_ENABLE_OBJC_WEAK = YES;
				CLANG_WARN_BLOCK_CAPTURE_AUTORELEASING = YES;
				CLANG_WARN_BOOL_CONVERSION = YES;
				CLANG_WARN_COMMA = YES;
				CLANG_WARN_CONSTANT_CONVERSION = YES;
				CLANG_WARN_DEPRECATED_OBJC_IMPLEMENTATIONS = YES;
				CLANG_WARN_DIRECT_OBJC_ISA_USAGE = YES_ERROR;
				CLANG_WARN_DOCUMENTATION_COMMENTS = YES;
				CLANG_WARN_EMPTY_BODY = YES;
				CLANG_WARN_ENUM_CONVERSION = YES;
				CLANG_WARN_INFINITE_RECURSION = YES;
				CLANG_WARN_INT_CONVERSION = YES;
				CLANG_WARN_NON_LITERAL_NULL_CONVERSION = YES;
				CLANG_WARN_OBJC_IMPLICIT_RETAIN_SELF = YES;
				CLANG_WARN_OBJC_LITERAL_CONVERSION = YES;
				CLANG_WARN_OBJC_ROOT_CLASS = YES_ERROR;
				CLANG_WARN_QUOTED_INCLUDE_IN_FRAMEWORK_HEADER = YES;
				CLANG_WARN_RANGE_LOOP_ANALYSIS = YES;
				CLANG_WARN_STRICT_PROTOTYPES = YES;
				CLANG_WARN_SUSPICIOUS_MOVE = YES;
				CLANG_WARN_UNGUARDED_AVAILABILITY = YES_AGGRESSIVE;
				CLANG_WARN_UNREACHABLE_CODE = YES;
				CLANG_WARN__DUPLICATE_METHOD_MATCH = YES;
				COPY_PHASE_STRIP = NO;
				DEBUG_INFORMATION_FORMAT = "dwarf-with-dsym";
				ENABLE_NS_ASSERTIONS = NO;
				ENABLE_STRICT_OBJC_MSGSEND = YES;
				ENABLE_USER_SCRIPT_SANDBOXING = YES;
				GCC_C_LANGUAGE_STANDARD = gnu17;
				GCC_NO_COMMON_BLOCKS = YES;
				GCC_WARN_64_TO_32_BIT_CONVERSION = YES;
				GCC_WARN_ABOUT_RETURN_TYPE = YES_ERROR;
				GCC_WARN_UNDECLARED_SELECTOR = YES;
				GCC_WARN_UNINITIALIZED_AUTOS = YES_AGGRESSIVE;
				GCC_WARN_UNUSED_FUNCTION = YES;
				GCC_WARN_UNUSED_VARIABLE = YES;
				INFOPLIST_KEY_NSAppleEventsUsageDescription = "We need access to the clipboard to perform certain actions.";
				LOCALIZATION_PREFERS_STRING_CATALOGS = YES;
				MACOSX_DEPLOYMENT_TARGET = 13.0;
				MTL_ENABLE_DEBUG_INFO = NO;
				MTL_FAST_MATH = YES;
				SDKROOT = macosx;
				SWIFT_COMPILATION_MODE = wholemodule;
			};
			name = Release;
		};
		69903C4F2BB131ED00661BA2 /* Debug */ = {
			isa = XCBuildConfiguration;
			buildSettings = {
				ASSETCATALOG_COMPILER_APPICON_NAME = AppIcon;
				ASSETCATALOG_COMPILER_GLOBAL_ACCENT_COLOR_NAME = AccentColor;
				CODE_SIGN_ENTITLEMENTS = SecureYourClipboard/SecureYourClipboard.entitlements;
				CODE_SIGN_STYLE = Automatic;
				COMBINE_HIDPI_IMAGES = YES;
				CURRENT_PROJECT_VERSION = 000100;
				DEVELOPMENT_ASSET_PATHS = "\"SecureYourClipboard/Preview Content\"";
				DEVELOPMENT_TEAM = JDZMWLF652;
				ENABLE_HARDENED_RUNTIME = YES;
				ENABLE_PREVIEWS = YES;
				ENABLE_USER_SCRIPT_SANDBOXING = NO;
				GENERATE_INFOPLIST_FILE = YES;
				INFOPLIST_FILE = SecureYourClipboard/Info.plist;
				INFOPLIST_KEY_LSApplicationCategoryType = "public.app-category.utilities";
				INFOPLIST_KEY_NSAppleEventsUsageDescription = "I need it";
				INFOPLIST_KEY_NSHumanReadableCopyright = "";
				LD_RUNPATH_SEARCH_PATHS = (
					"$(inherited)",
					"@executable_path/../Frameworks",
				);
				MACOSX_DEPLOYMENT_TARGET = 13.0;
				MARKETING_VERSION = 0.1.0;
				PRODUCT_BUNDLE_IDENTIFIER = com.gokoding.SecureYourClipboard;
				PRODUCT_NAME = "$(TARGET_NAME)";
				SWIFT_EMIT_LOC_STRINGS = YES;
				SWIFT_OBJC_BRIDGING_HEADER = "";
				SWIFT_VERSION = 5.0;
			};
			name = Debug;
		};
		69903C502BB131ED00661BA2 /* Release */ = {
			isa = XCBuildConfiguration;
			buildSettings = {
				ASSETCATALOG_COMPILER_APPICON_NAME = AppIcon;
				ASSETCATALOG_COMPILER_GLOBAL_ACCENT_COLOR_NAME = AccentColor;
				CODE_SIGN_ENTITLEMENTS = SecureYourClipboard/SecureYourClipboard.entitlements;
				CODE_SIGN_STYLE = Automatic;
				COMBINE_HIDPI_IMAGES = YES;
				CURRENT_PROJECT_VERSION = 000100;
				DEVELOPMENT_ASSET_PATHS = "\"SecureYourClipboard/Preview Content\"";
				DEVELOPMENT_TEAM = JDZMWLF652;
				ENABLE_HARDENED_RUNTIME = YES;
				ENABLE_PREVIEWS = YES;
				ENABLE_USER_SCRIPT_SANDBOXING = NO;
				GENERATE_INFOPLIST_FILE = YES;
				INFOPLIST_FILE = SecureYourClipboard/Info.plist;
				INFOPLIST_KEY_LSApplicationCategoryType = "public.app-category.utilities";
				INFOPLIST_KEY_NSAppleEventsUsageDescription = "I need it";
				INFOPLIST_KEY_NSHumanReadableCopyright = "";
				LD_RUNPATH_SEARCH_PATHS = (
					"$(inherited)",
					"@executable_path/../Frameworks",
				);
				MACOSX_DEPLOYMENT_TARGET = 13.0;
				MARKETING_VERSION = 0.1.0;
				PRODUCT_BUNDLE_IDENTIFIER = com.gokoding.SecureYourClipboard;
				PRODUCT_NAME = "$(TARGET_NAME)";
				SWIFT_EMIT_LOC_STRINGS = YES;
				SWIFT_OBJC_BRIDGING_HEADER = "";
				SWIFT_VERSION = 5.0;
			};
			name = Release;
		};
		69903C522BB131ED00661BA2 /* Debug */ = {
			isa = XCBuildConfiguration;
			buildSettings = {
				ALWAYS_EMBED_SWIFT_STANDARD_LIBRARIES = YES;
				BUNDLE_LOADER = "$(TEST_HOST)";
				CODE_SIGN_STYLE = Automatic;
				CURRENT_PROJECT_VERSION = 1;
				DEVELOPMENT_TEAM = JDZMWLF652;
				GENERATE_INFOPLIST_FILE = YES;
				MACOSX_DEPLOYMENT_TARGET = 14.2;
				MARKETING_VERSION = 1.0;
				PRODUCT_BUNDLE_IDENTIFIER = com.gokoding.SecureYourClipboardTests;
				PRODUCT_NAME = "$(TARGET_NAME)";
				SWIFT_EMIT_LOC_STRINGS = NO;
				SWIFT_VERSION = 5.0;
				TEST_HOST = "$(BUILT_PRODUCTS_DIR)/SecureYourClipboard.app/$(BUNDLE_EXECUTABLE_FOLDER_PATH)/SecureYourClipboard";
			};
			name = Debug;
		};
		69903C532BB131ED00661BA2 /* Release */ = {
			isa = XCBuildConfiguration;
			buildSettings = {
				ALWAYS_EMBED_SWIFT_STANDARD_LIBRARIES = YES;
				BUNDLE_LOADER = "$(TEST_HOST)";
				CODE_SIGN_STYLE = Automatic;
				CURRENT_PROJECT_VERSION = 1;
				DEVELOPMENT_TEAM = JDZMWLF652;
				GENERATE_INFOPLIST_FILE = YES;
				MACOSX_DEPLOYMENT_TARGET = 14.2;
				MARKETING_VERSION = 1.0;
				PRODUCT_BUNDLE_IDENTIFIER = com.gokoding.SecureYourClipboardTests;
				PRODUCT_NAME = "$(TARGET_NAME)";
				SWIFT_EMIT_LOC_STRINGS = NO;
				SWIFT_VERSION = 5.0;
				TEST_HOST = "$(BUILT_PRODUCTS_DIR)/SecureYourClipboard.app/$(BUNDLE_EXECUTABLE_FOLDER_PATH)/SecureYourClipboard";
			};
			name = Release;
		};
		69903C552BB131ED00661BA2 /* Debug */ = {
			isa = XCBuildConfiguration;
			buildSettings = {
				ALWAYS_EMBED_SWIFT_STANDARD_LIBRARIES = YES;
				CODE_SIGN_STYLE = Automatic;
				CURRENT_PROJECT_VERSION = 1;
				DEVELOPMENT_TEAM = JDZMWLF652;
				GENERATE_INFOPLIST_FILE = YES;
				MARKETING_VERSION = 1.0;
				PRODUCT_BUNDLE_IDENTIFIER = com.gokoding.SecureYourClipboardUITests;
				PRODUCT_NAME = "$(TARGET_NAME)";
				SWIFT_EMIT_LOC_STRINGS = NO;
				SWIFT_VERSION = 5.0;
				TEST_TARGET_NAME = SecureYourClipboard;
			};
			name = Debug;
		};
		69903C562BB131ED00661BA2 /* Release */ = {
			isa = XCBuildConfiguration;
			buildSettings = {
				ALWAYS_EMBED_SWIFT_STANDARD_LIBRARIES = YES;
				CODE_SIGN_STYLE = Automatic;
				CURRENT_PROJECT_VERSION = 1;
				DEVELOPMENT_TEAM = JDZMWLF652;
				GENERATE_INFOPLIST_FILE = YES;
				MARKETING_VERSION = 1.0;
				PRODUCT_BUNDLE_IDENTIFIER = com.gokoding.SecureYourClipboardUITests;
				PRODUCT_NAME = "$(TARGET_NAME)";
				SWIFT_EMIT_LOC_STRINGS = NO;
				SWIFT_VERSION = 5.0;
				TEST_TARGET_NAME = SecureYourClipboard;
			};
			name = Release;
		};
/* End XCBuildConfiguration section */

/* Begin XCConfigurationList section */
		69903C1F2BB131EA00661BA2 /* Build configuration list for PBXProject "SecureYourClipboard" */ = {
			isa = XCConfigurationList;
			buildConfigurations = (
				69903C4C2BB131ED00661BA2 /* Debug */,
				69903C4D2BB131ED00661BA2 /* Release */,
			);
			defaultConfigurationIsVisible = 0;
			defaultConfigurationName = Release;
		};
		69903C4E2BB131ED00661BA2 /* Build configuration list for PBXNativeTarget "SecureYourClipboard" */ = {
			isa = XCConfigurationList;
			buildConfigurations = (
				69903C4F2BB131ED00661BA2 /* Debug */,
				69903C502BB131ED00661BA2 /* Release */,
			);
			defaultConfigurationIsVisible = 0;
			defaultConfigurationName = Release;
		};
		69903C512BB131ED00661BA2 /* Build configuration list for PBXNativeTarget "SecureYourClipboardTests" */ = {
			isa = XCConfigurationList;
			buildConfigurations = (
				69903C522BB131ED00661BA2 /* Debug */,
				69903C532BB131ED00661BA2 /* Release */,
			);
			defaultConfigurationIsVisible = 0;
			defaultConfigurationName = Release;
		};
		69903C542BB131ED00661BA2 /* Build configuration list for PBXNativeTarget "SecureYourClipboardUITests" */ = {
			isa = XCConfigurationList;
			buildConfigurations = (
				69903C552BB131ED00661BA2 /* Debug */,
				69903C562BB131ED00661BA2 /* Release */,
			);
			defaultConfigurationIsVisible = 0;
			defaultConfigurationName = Release;
		};
/* End XCConfigurationList section */

/* Begin XCRemoteSwiftPackageReference section */
		690CE47E2BD2118500A16200 /* XCRemoteSwiftPackageReference "KeyboardShortcuts" */ = {
			isa = XCRemoteSwiftPackageReference;
			repositoryURL = "https://github.com/s1ntoneli/KeyboardShortcuts";
			requirement = {
				kind = exactVersion;
				version = 2.0.0;
			};
		};
		694153072BD22417006C983D /* XCRemoteSwiftPackageReference "AXSwiftExt" */ = {
			isa = XCRemoteSwiftPackageReference;
			repositoryURL = "https://github.com/s1ntoneli/AXSwiftExt";
			requirement = {
				kind = upToNextMajorVersion;
				minimumVersion = 0.1.0;
			};
		};
		694153152BDA7031006C983D /* XCRemoteSwiftPackageReference "LaunchAtLogin" */ = {
			isa = XCRemoteSwiftPackageReference;
			repositoryURL = "https://github.com/sindresorhus/LaunchAtLogin";
			requirement = {
				kind = exactVersion;
				version = 5.0.1;
			};
		};
		698394752BDBD5F6004B5C11 /* XCRemoteSwiftPackageReference "AppUpdater" */ = {
			isa = XCRemoteSwiftPackageReference;
			repositoryURL = "https://github.com/s1ntoneli/AppUpdater";
			requirement = {
				kind = upToNextMajorVersion;
				minimumVersion = 0.1.0;
			};
		};
		698AD6502BCA6BF2002659F5 /* XCRemoteSwiftPackageReference "Defaults" */ = {
			isa = XCRemoteSwiftPackageReference;
			repositoryURL = "https://github.com/sindresorhus/Defaults";
			requirement = {
				branch = main;
				kind = branch;
			};
		};
/* End XCRemoteSwiftPackageReference section */

/* Begin XCSwiftPackageProductDependency section */
		690CE47F2BD2118500A16200 /* KeyboardShortcuts */ = {
			isa = XCSwiftPackageProductDependency;
			package = 690CE47E2BD2118500A16200 /* XCRemoteSwiftPackageReference "KeyboardShortcuts" */;
			productName = KeyboardShortcuts;
		};
		694153082BD22417006C983D /* AXSwiftExt */ = {
			isa = XCSwiftPackageProductDependency;
			package = 694153072BD22417006C983D /* XCRemoteSwiftPackageReference "AXSwiftExt" */;
			productName = AXSwiftExt;
		};
		694153162BDA7032006C983D /* LaunchAtLogin */ = {
			isa = XCSwiftPackageProductDependency;
			package = 694153152BDA7031006C983D /* XCRemoteSwiftPackageReference "LaunchAtLogin" */;
			productName = LaunchAtLogin;
		};
		698394762BDBD5F6004B5C11 /* AppUpdater */ = {
			isa = XCSwiftPackageProductDependency;
			package = 698394752BDBD5F6004B5C11 /* XCRemoteSwiftPackageReference "AppUpdater" */;
			productName = AppUpdater;
		};
		698AD6512BCA6BF2002659F5 /* Defaults */ = {
			isa = XCSwiftPackageProductDependency;
			package = 698AD6502BCA6BF2002659F5 /* XCRemoteSwiftPackageReference "Defaults" */;
			productName = Defaults;
		};
/* End XCSwiftPackageProductDependency section */

/* Begin XCVersionGroup section */
		69903C322BB131ED00661BA2 /* SecureYourClipboard.xcdatamodeld */ = {
			isa = XCVersionGroup;
			children = (
				69903C332BB131ED00661BA2 /* SecureYourClipboard.xcdatamodel */,
			);
			currentVersion = 69903C332BB131ED00661BA2 /* SecureYourClipboard.xcdatamodel */;
			path = SecureYourClipboard.xcdatamodeld;
			sourceTree = "<group>";
			versionGroupType = wrapper.xcdatamodel;
		};
/* End XCVersionGroup section */
	};
	rootObject = 69903C1C2BB131EA00661BA2 /* Project object */;
}
